{
  "lockfileVersion": 1,
  "configVersion": 1,
  "workspaces": {
    "": {
      "name": "videoos-monorepo",
      "dependencies": {
        "@napi-rs/canvas": "^1.0.10",
      },
      "devDependencies": {
        "@types/bun": "^1.2.0",
        "@types/node": "^22.10.0",
        "typescript": "^5.7.0",
      },
    },
    "packages/agent": {
      "name": "@videoos/agent",
      "version": "0.1.0",
      "dependencies": {
        "@videoos/cache": "workspace:*",
        "@videoos/compiler": "workspace:*",
        "@videoos/core": "workspace:*",
        "@videoos/dsl": "workspace:*",
        "@videoos/encode": "workspace:*",
        "@videoos/qa": "workspace:*",
        "@videoos/render-canvas": "workspace:*",
        "@videoos/vir": "workspace:*",
        "zod": "^3.25.0",
      },
    },
    "packages/cache": {
      "name": "@videoos/cache",
      "version": "0.1.0",
      "dependencies": {
        "@videoos/core": "workspace:*",
        "@videoos/vir": "workspace:*",
      },
    },
    "packages/compiler": {
      "name": "@videoos/compiler",
      "version": "0.1.0",
      "dependencies": {
        "@videoos/core": "workspace:*",
        "@videoos/dsl": "workspace:*",
        "@videoos/vir": "workspace:*",
        "zod": "^3.25.0",
      },
    },
    "packages/core": {
      "name": "@videoos/core",
      "version": "0.1.0",
    },
    "packages/dsl": {
      "name": "@videoos/dsl",
      "version": "0.1.0",
      "dependencies": {
        "@videoos/core": "workspace:*",
      },
    },
    "packages/encode": {
      "name": "@videoos/encode",
      "version": "0.1.0",
      "dependencies": {
        "@videoos/cache": "workspace:*",
        "@videoos/compiler": "workspace:*",
        "@videoos/core": "workspace:*",
        "@videoos/render-canvas": "workspace:*",
        "@videoos/vir": "workspace:*",
      },
    },
    "packages/qa": {
      "name": "@videoos/qa",
      "version": "0.1.0",
      "dependencies": {
        "@napi-rs/canvas": "^1.0.10",
        "@videoos/compiler": "workspace:*",
        "@videoos/core": "workspace:*",
        "@videoos/render-canvas": "workspace:*",
        "@videoos/vir": "workspace:*",
      },
    },
    "packages/render-canvas": {
      "name": "@videoos/render-canvas",
      "version": "0.1.0",
      "dependencies": {
        "@napi-rs/canvas": "^1.0.10",
        "@videoos/compiler": "workspace:*",
        "@videoos/core": "workspace:*",
        "@videoos/vir": "workspace:*",
      },
    },
    "packages/render-svg": {
      "name": "@videoos/render-svg",
      "version": "0.1.0",
      "dependencies": {
        "@videoos/compiler": "workspace:*",
        "@videoos/core": "workspace:*",
        "@videoos/vir": "workspace:*",
      },
    },
    "packages/vir": {
      "name": "@videoos/vir",
      "version": "0.1.0",
      "dependencies": {
        "@videoos/core": "workspace:*",
        "zod": "^3.25.0",
      },
    },
    "packages/workspace": {
      "name": "@videoos/workspace",
      "version": "0.1.0",
      "dependencies": {
        "@videoos/core": "workspace:*",
        "@videoos/dsl": "workspace:*",
        "@videoos/qa": "workspace:*",
        "zod": "^3.25.0",
      },
    },
  },
  "packages": {
    "@napi-rs/canvas": ["@napi-rs/canvas@1.0.10", "", { "optionalDependencies": { "@napi-rs/canvas-android-arm64": "1.0.10", "@napi-rs/canvas-darwin-arm64": "1.0.10", "@napi-rs/canvas-darwin-x64": "1.0.10", "@napi-rs/canvas-linux-arm-gnueabihf": "1.0.10", "@napi-rs/canvas-linux-arm64-gnu": "1.0.10", "@napi-rs/canvas-linux-arm64-musl": "1.0.10", "@napi-rs/canvas-linux-riscv64-gnu": "1.0.10", "@napi-rs/canvas-linux-x64-gnu": "1.0.10", "@napi-rs/canvas-linux-x64-musl": "1.0.10", "@napi-rs/canvas-win32-arm64-msvc": "1.0.10", "@napi-rs/canvas-win32-x64-msvc": "1.0.10" } }, "sha512-V+qptzsGnPMFxEbhwc6eDNMe5eDrfiBIp8qGpuRjAVIX4Kn2zxvwQ1Xco6Fwe+3tYIe3iLW8LM9D+SvjyJhqbQ=="],

    "@napi-rs/canvas-android-arm64": ["@napi-rs/canvas-android-arm64@1.0.10", "", { "os": "android", "cpu": "arm64" }, "sha512-0sDMvme+7fj6bHERUaBs5SvEyWaORc91VUkaB4RrtG7p6dBrBNGy1of8cyEKDxygd1FlHtW+Thunj8lSixzY7A=="],

    "@napi-rs/canvas-darwin-arm64": ["@napi-rs/canvas-darwin-arm64@1.0.10", "", { "os": "darwin", "cpu": "arm64" }, "sha512-pdHL1TEfFMrnchRYqmPWXKN7hR4XtOYmzJqnh4XhpfWD4/eeSokOGVzrdFP/iQ3sfr2rf0939gOGq9uCp8BGmg=="],

    "@napi-rs/canvas-darwin-x64": ["@napi-rs/canvas-darwin-x64@1.0.10", "", { "os": "darwin", "cpu": "x64" }, "sha512-iuuk5plGxAcxurxv2ycF2yR20y5zvaBZ4heQdhPpg3EMFD21PhlY1V+YwSRmYRWzbvKL474UYdw3WIg2qfafyw=="],

    "@napi-rs/canvas-linux-arm-gnueabihf": ["@napi-rs/canvas-linux-arm-gnueabihf@1.0.10", "", { "os": "linux", "cpu": "arm" }, "sha512-kH7GFR5Unpm77pKSEsmkqvzeQCRD7/MQ7upmeLLjg4XpQ62dX/R6THFsp6vkF1Pkco2aKUq9KhoLM4W5twdk7g=="],

    "@napi-rs/canvas-linux-arm64-gnu": ["@napi-rs/canvas-linux-arm64-gnu@1.0.10", "", { "os": "linux", "cpu": "arm64" }, "sha512-0/Hj7IwM9pmzdwxiqkp4YLJ8dKqASBrWQ3Y7dWUSU/4dgvCL9O6YNvX7xVUJjonQvdD3IE9ESS/nXa5srQqoVw=="],

    "@napi-rs/canvas-linux-arm64-musl": ["@napi-rs/canvas-linux-arm64-musl@1.0.10", "", { "os": "linux", "cpu": "arm64" }, "sha512-fmjKM0P2MLF9O6XzCQsRjhB+jlLzaf6tFQU36hMPMsYup+VThYvpjjhqNLOc/Ee3tHUE3r13H2BSJx/yXz4pFA=="],

    "@napi-rs/canvas-linux-riscv64-gnu": ["@napi-rs/canvas-linux-riscv64-gnu@1.0.10", "", { "os": "linux", "cpu": "none" }, "sha512-O/BUrGwrs3pVP9PpD/3++ZiOpjHMJlmiB7aBgswP8rbe4egPfiFkFxmcCczoLvZa72TaQX5lJ8Udedb6rc/Hvg=="],

    "@napi-rs/canvas-linux-x64-gnu": ["@napi-rs/canvas-linux-x64-gnu@1.0.10", "", { "os": "linux", "cpu": "x64" }, "sha512-48HkZPQeAN/R+9NPpY64tceoyCUW5xYYtHKZnC+BG11qiihXJCbH+xfbgGU+OdYp1Q4s84HDl9ILU0KBK6SBOQ=="],

    "@napi-rs/canvas-linux-x64-musl": ["@napi-rs/canvas-linux-x64-musl@1.0.10", "", { "os": "linux", "cpu": "x64" }, "sha512-QYHVi7WZ9v+Wm9OQyHLMTnJ8QiBPVX94BgbCHFJC/4bCFMfvX7fRzo4FJPgkRP0ISz3ulYNow/FCbQOPjzhYjg=="],

    "@napi-rs/canvas-win32-arm64-msvc": ["@napi-rs/canvas-win32-arm64-msvc@1.0.10", "", { "os": "win32", "cpu": "arm64" }, "sha512-bWK+YajM/8sL0mMgLtug2s063FVBPzFV4QAn987CQomMKlmzrBY6Trz43KY+24hq7IOa3qNhUAgP/XMEF50ZEQ=="],

    "@napi-rs/canvas-win32-x64-msvc": ["@napi-rs/canvas-win32-x64-msvc@1.0.10", "", { "os": "win32", "cpu": "x64" }, "sha512-9WtzW85PaIhtB27iXaR/9RrLCqHLbqD3Z8Q+kh17NjFxwQXFXU5vWbYH4vEH+drM307TTyK3hidZgpt09G5T3g=="],

    "@types/bun": ["@types/bun@1.4.2", "", { "dependencies": { "bun-types": "1.4.2" } }, "sha512-GimotNn7+ZV0uVArItBbriZsR1oNf0+WTzPkdcFrzShI7k2norL0uzEaJT8T33dWr7O/c9ZDuAFQrctKCi72oQ=="],

    "@types/node": ["@types/node@22.20.5", "", { "dependencies": { "undici-types": "~6.21.0" } }, "sha512-U2+DNr+wSjpsTS/wZGYHq7GcwfuSmKiKvoPvK22zwTlRhU91yOniN4qRR5KhIjvif7ysw/dz/hKmfDH0Ris4aA=="],

    "@videoos/agent": ["@videoos/agent@workspace:packages/agent"],

    "@videoos/cache": ["@videoos/cache@workspace:packages/cache"],

    "@videoos/compiler": ["@videoos/compiler@workspace:packages/compiler"],

    "@videoos/core": ["@videoos/core@workspace:packages/core"],

    "@videoos/dsl": ["@videoos/dsl@workspace:packages/dsl"],

    "@videoos/encode": ["@videoos/encode@workspace:packages/encode"],

    "@videoos/qa": ["@videoos/qa@workspace:packages/qa"],

    "@videoos/render-canvas": ["@videoos/render-canvas@workspace:packages/render-canvas"],

    "@videoos/render-svg": ["@videoos/render-svg@workspace:packages/render-svg"],

    "@videoos/vir": ["@videoos/vir@workspace:packages/vir"],

    "@videoos/workspace": ["@videoos/workspace@workspace:packages/workspace"],

    "bun-types": ["bun-types@1.4.2", "", { "dependencies": { "@types/node": "*" } }, "sha512-bxV1FgK7yBIzjRe5zBozIM4Bem11ZJcCXSrjWRG3YWLt8yFDePu4cLjpebO8OvPeIE9trbyPF4fuj3Cia4Fj3w=="],

    "typescript": ["typescript@5.9.3", "", { "bin": { "tsc": "bin/tsc", "tsserver": "bin/tsserver" } }, "sha512-jl1vZzPDinLr9eUt3J/t7V6FgNEw9QjvBPdysz9KfQDD41fQrC2Y4vKQdiaUpFT4bXlb1RHhLpp8wtm6M5TgSw=="],

    "undici-types": ["undici-types@6.21.0", "", {}, "sha512-iwDZqg0QAGrg9Rav5H4n0M64c3mkR59cJ6wQp+7C4nI0gsmExaedaYLNO44eT4AtBBwjbTiGPMlt2Md0T9H9JQ=="],

    "zod": ["zod@3.25.76", "", {}, "sha512-gzUt/qt81nXsFGKIFcC3YnfEAx5NkunCfnDlvuBSSFS02bcXu4Lmea0AFIUwbLWxWPx3d9p8S5QoaujKcNQxcQ=="],
  }
}
